# This file is generated by running "yarn install" inside your project.
# Manual changes might be lost - proceed with caution!

__metadata:
  version: 8
  cacheKey: 10c0

"@electron/get@npm:^1.13.0":
  version: 1.13.1
  resolution: "@electron/get@npm:1.13.1"
  dependencies:
    debug: "npm:^4.1.1"
    env-paths: "npm:^2.2.0"
    fs-extra: "npm:^8.1.0"
    global-agent: "npm:^3.0.0"
    global-tunnel-ng: "npm:^2.7.1"
    got: "npm:^9.6.0"
    progress: "npm:^2.0.3"
    semver: "npm:^6.2.0"
    sumchecker: "npm:^3.0.1"
  dependenciesMeta:
    global-agent:
      optional: true
    global-tunnel-ng:
      optional: true
  checksum: f8a42983fef6c34656bd1d01cf8f72f407879e218b4ffc7bb76d1ed859ab980670af724ebe25f755427bf04b2ca7649c89e1f2be565e717d835e1b3e1e75f8ed
  languageName: node
  linkType: hard

"@sindresorhus/is@npm:^0.14.0":
  version: 0.14.0
  resolution: "@sindresorhus/is@npm:0.14.0"
  checksum: 7247aa9314d4fc3df9b3f63d8b5b962a89c7600a5db1f268546882bfc4d31a975a899f5f42a09dd41a11e58636e6402f7c40f92df853aee417247bb11faee9a0
  languageName: node
  linkType: hard

"@szmarczak/http-timer@npm:^1.1.2":
  version: 1.1.2
  resolution: "@szmarczak/http-timer@npm:1.1.2"
  dependencies:
    defer-to-connect: "npm:^1.0.1"
  checksum: 0594140e027ce4e98970c6d176457fcbff80900b1b3101ac0d08628ca6d21d70e0b94c6aaada94d4f76c1423fcc7195af83da145ce0fd556fc0595ca74a17b8b
  languageName: node
  linkType: hard

"@types/keyv@npm:^3.1.1":
  version: 3.1.4
  resolution: "@types/keyv@npm:3.1.4"
  dependencies:
    "@types/node": "npm:*"
  checksum: ff8f54fc49621210291f815fe5b15d809fd7d032941b3180743440bd507ecdf08b9e844625fa346af568c84bf34114eb378dcdc3e921a08ba1e2a08d7e3c809c
  languageName: node
  linkType: hard

"@types/node@npm:*":
  version: 20.11.0
  resolution: "@types/node@npm:20.11.0"
  dependencies:
    undici-types: "npm:~5.26.4"
  checksum: 560aa850dfccb83326f9cba125459f6c3fb0c71ec78f22c61e4d248f1df78bd25fd6792cef573dfbdc49c882f8e38bb1a82ca87e0e28ff2513629c704c2b02af
  languageName: node
  linkType: hard

"@types/node@npm:^14.6.2":
  version: 14.18.20
  resolution: "@types/node@npm:14.18.20"
  checksum: 15ae1e748a54e5fa073495388bb4b76c994e6631ab123634654b4a15df6d94d0ef76ee642f911abdcba78cd70302b979b61a4e58e8c3ba32d3e5b68ce69c8cae
  languageName: node
  linkType: hard

"@types/responselike@npm:^1.0.0":
  version: 1.0.3
  resolution: "@types/responselike@npm:1.0.3"
  dependencies:
    "@types/node": "npm:*"
  checksum: a58ba341cb9e7d74f71810a88862da7b2a6fa42e2a1fc0ce40498f6ea1d44382f0640117057da779f74c47039f7166bf48fad02dc876f94e005c7afa50f5e129
  languageName: node
  linkType: hard

"async-lock@npm:^1.2.8":
  version: 1.2.8
  resolution: "async-lock@npm:1.2.8"
  checksum: 55ed9d8e48494a7cc332d778fb4f637d2f0bd6c1ecc24eeda174142fbcd191527cc98410f1c26abb0157c0400230de9082ab361dec8223fe6f2dc6e6cf89637a
  languageName: node
  linkType: hard

"boolean@npm:^3.0.1":
  version: 3.0.2
  resolution: "boolean@npm:3.0.2"
  checksum: 0332444ef141cef0b7770b17be9d8c0afa02637fdd8e38c0609b8647791c313f873e6209691931e117aa65c80653c74eaed7b2c4ea52e9df73ecc57caeacad5d
  languageName: node
  linkType: hard

"buffer-crc32@npm:~0.2.3":
  version: 0.2.13
  resolution: "buffer-crc32@npm:0.2.13"
  checksum: cb0a8ddf5cf4f766466db63279e47761eb825693eeba6a5a95ee4ec8cb8f81ede70aa7f9d8aeec083e781d47154290eb5d4d26b3f7a465ec57fb9e7d59c47150
  languageName: node
  linkType: hard

"buffer-from@npm:^1.0.0":
  version: 1.1.1
  resolution: "buffer-from@npm:1.1.1"
  checksum: a8c5057c985d8071e7a64988ad72f313e08eb3001eda76bead78b1f9afc7a07d20be9677eed0b5791727baeecd56360fe541bc5dd74feb40efe202a74584d533
  languageName: node
  linkType: hard

"cacheable-request@npm:^6.0.0":
  version: 6.1.0
  resolution: "cacheable-request@npm:6.1.0"
  dependencies:
    clone-response: "npm:^1.0.2"
    get-stream: "npm:^5.1.0"
    http-cache-semantics: "npm:^4.0.0"
    keyv: "npm:^3.0.0"
    lowercase-keys: "npm:^2.0.0"
    normalize-url: "npm:^4.1.0"
    responselike: "npm:^1.0.2"
  checksum: e92f2b2078c014ba097647ab4ff6a6149dc2974a65670ee97ec593ec9f4148ecc988e86b9fcd8ebf7fe255774a53d5dc3db6b01065d44f09a7452c7a7d8e4844
  languageName: node
  linkType: hard

"clone-response@npm:^1.0.2":
  version: 1.0.2
  resolution: "clone-response@npm:1.0.2"
  dependencies:
    mimic-response: "npm:^1.0.0"
  checksum: 96f3527ef86d0c322e0a5188d929ab78ddbc3238d47ccbb00f8abb02b02e4ef70339646ec73d657383ffbdb1f0cfef6a937062d4f701ca6f84cee7a37114007f
  languageName: node
  linkType: hard

"concat-stream@npm:^1.6.2":
  version: 1.6.2
  resolution: "concat-stream@npm:1.6.2"
  dependencies:
    buffer-from: "npm:^1.0.0"
    inherits: "npm:^2.0.3"
    readable-stream: "npm:^2.2.2"
    typedarray: "npm:^0.0.6"
  checksum: 2e9864e18282946dabbccb212c5c7cec0702745e3671679eb8291812ca7fd12023f7d8cb36493942a62f770ac96a7f90009dc5c82ad69893438371720fa92617
  languageName: node
  linkType: hard

"config-chain@npm:^1.1.11":
  version: 1.1.12
  resolution: "config-chain@npm:1.1.12"
  dependencies:
    ini: "npm:^1.3.4"
    proto-list: "npm:~1.2.1"
  checksum: fd07fb8ca4d06d540ee64824ca4778065eefaaed59e1ad157b6a7d764370581dfb44f2dda7cf65589a9199e27f7afe73c271b2e45abe3d766a915ad926150361
  languageName: node
  linkType: hard

"core-util-is@npm:~1.0.0":
  version: 1.0.2
  resolution: "core-util-is@npm:1.0.2"
  checksum: 980a37a93956d0de8a828ce508f9b9e3317039d68922ca79995421944146700e4aaf490a6dbfebcb1c5292a7184600c7710b957d724be1e37b8254c6bc0fe246
  languageName: node
  linkType: hard

"debug@npm:^2.6.9":
  version: 2.6.9
  resolution: "debug@npm:2.6.9"
  dependencies:
    ms: "npm:2.0.0"
  checksum: 121908fb839f7801180b69a7e218a40b5a0b718813b886b7d6bdb82001b931c938e2941d1e4450f33a1b1df1da653f5f7a0440c197f29fbf8a6e9d45ff6ef589
  languageName: node
  linkType: hard

"debug@npm:^4.1.0, debug@npm:^4.1.1":
  version: 4.3.1
  resolution: "debug@npm:4.3.1"
  dependencies:
    ms: "npm:2.1.2"
  peerDependenciesMeta:
    supports-color:
      optional: true
  checksum: 610bcc2eb07c533d6a9964478422f7d741095d67301888ee0b77b8f2ad0a15d115c93fb2adb13d10a9eda3d81f2d4d335405540b09596fb23aca070e77497d95
  languageName: node
  linkType: hard

"decompress-response@npm:^3.3.0":
  version: 3.3.0
  resolution: "decompress-response@npm:3.3.0"
  dependencies:
    mimic-response: "npm:^1.0.0"
  checksum: 5ffaf1d744277fd51c68c94ddc3081cd011b10b7de06637cccc6ecba137d45304a09ba1a776dee1c47fccc60b4a056c4bc74468eeea798ff1f1fca0024b45c9d
  languageName: node
  linkType: hard

"defer-to-connect@npm:^1.0.1":
  version: 1.1.3
  resolution: "defer-to-connect@npm:1.1.3"
  checksum: 9feb161bd7d21836fdff31eba79c2b11b7aaf844be58faf727121f8b0d9c2e82b494560df0903f41b52dd75027dc7c9455c11b3739f3202b28ca92b56c8f960e
  languageName: node
  linkType: hard

"define-properties@npm:^1.1.3":
  version: 1.1.3
  resolution: "define-properties@npm:1.1.3"
  dependencies:
    object-keys: "npm:^1.0.12"
  checksum: a2fa03d97ee44bb7c679bac7c3b3e63431a2efd83c12c0d61c7f5adf4fa1cf0a669c77afd274babbc5400926bdc2befb25679e4bf687140b078c0fe14f782e4f
  languageName: node
  linkType: hard

"detect-node@npm:^2.0.4":
  version: 2.0.4
  resolution: "detect-node@npm:2.0.4"
  checksum: 51357b37b1b26afef72fa3fa70ae7aeb37346874a41802cd5e2c9a81400eeeeec04293b153e3b30bcb982997b0952b608bb7d1c08777325da4dd93bd25891e0a
  languageName: node
  linkType: hard

"duplexer3@npm:^0.1.4":
  version: 0.1.4
  resolution: "duplexer3@npm:0.1.4"
  checksum: 734e10ac7c3053b81374fa00153e884e257db27759bd63a774cb1551e1873189cdce79a8829659964d8b5113c49e45d517592ecbbb5e5201a4181b88f8ce8b0c
  languageName: node
  linkType: hard

"electron-window-state@npm:^5.0.3":
  version: 5.0.3
  resolution: "electron-window-state@npm:5.0.3"
  dependencies:
    jsonfile: "npm:^4.0.0"
    mkdirp: "npm:^0.5.1"
  checksum: 10d01f3bcb1e4024a61f9b7116a251b6caf3e21f9d5e50f1b842758d93161b40b790be2efdbeb65dbbb611f4e58c4107aa785a2dbcfdefa8a6b80ad4a8d914e2
  languageName: node
  linkType: hard

"electron@npm:16.2.8":
  version: 16.2.8
  resolution: "electron@npm:16.2.8"
  dependencies:
    "@electron/get": "npm:^1.13.0"
    "@types/node": "npm:^14.6.2"
    extract-zip: "npm:^1.0.3"
  bin:
    electron: cli.js
  checksum: ee115f0e755c24f1e75f0269f4911b122cc757b3c33419c8b654ee5232a2dce0cab4839f27cb4616261045e296defaaa57929a2519f891b4b07259018d565637
  languageName: node
  linkType: hard

"electron@workspace:.":
  version: 0.0.0-use.local
  resolution: "electron@workspace:."
  dependencies:
    async-lock: "npm:^1.2.8"
    electron: "npm:16.2.8"
    electron-window-state: "npm:^5.0.3"
  languageName: unknown
  linkType: soft

"encodeurl@npm:^1.0.2":
  version: 1.0.2
  resolution: "encodeurl@npm:1.0.2"
  checksum: f6c2387379a9e7c1156c1c3d4f9cb7bb11cf16dd4c1682e1f6746512564b053df5781029b6061296832b59fb22f459dbe250386d217c2f6e203601abb2ee0bec
  languageName: node
  linkType: hard

"end-of-stream@npm:^1.1.0":
  version: 1.4.4
  resolution: "end-of-stream@npm:1.4.4"
  dependencies:
    once: "npm:^1.4.0"
  checksum: 870b423afb2d54bb8d243c63e07c170409d41e20b47eeef0727547aea5740bd6717aca45597a9f2745525667a6b804c1e7bede41f856818faee5806dd9ff3975
  languageName: node
  linkType: hard

"env-paths@npm:^2.2.0":
  version: 2.2.1
  resolution: "env-paths@npm:2.2.1"
  checksum: 285325677bf00e30845e330eec32894f5105529db97496ee3f598478e50f008c5352a41a30e5e72ec9de8a542b5a570b85699cd63bd2bc646dbcb9f311d83bc4
  languageName: node
  linkType: hard

"es6-error@npm:^4.1.1":
  version: 4.1.1
  resolution: "es6-error@npm:4.1.1"
  checksum: 357663fb1e845c047d548c3d30f86e005db71e122678f4184ced0693f634688c3f3ef2d7de7d4af732f734de01f528b05954e270f06aa7d133679fb9fe6600ef
  languageName: node
  linkType: hard

"escape-string-regexp@npm:^4.0.0":
  version: 4.0.0
  resolution: "escape-string-regexp@npm:4.0.0"
  checksum: 9497d4dd307d845bd7f75180d8188bb17ea8c151c1edbf6b6717c100e104d629dc2dfb687686181b0f4b7d732c7dfdc4d5e7a8ff72de1b0ca283a75bbb3a9cd9
  languageName: node
  linkType: hard

"extract-zip@npm:^1.0.3":
  version: 1.7.0
  resolution: "extract-zip@npm:1.7.0"
  dependencies:
    concat-stream: "npm:^1.6.2"
    debug: "npm:^2.6.9"
    mkdirp: "npm:^0.5.4"
    yauzl: "npm:^2.10.0"
  bin:
    extract-zip: cli.js
  checksum: 333f1349ee678d47268315f264dbfcd7003747d25640441e186e87c66efd7129f171f1bcfe8ff1151a24da19d5f8602daff002ee24145dc65516bc9a8e40ee08
  languageName: node
  linkType: hard

"fd-slicer@npm:~1.1.0":
  version: 1.1.0
  resolution: "fd-slicer@npm:1.1.0"
  dependencies:
    pend: "npm:~1.2.0"
  checksum: 304dd70270298e3ffe3bcc05e6f7ade2511acc278bc52d025f8918b48b6aa3b77f10361bddfadfe2a28163f7af7adbdce96f4d22c31b2f648ba2901f0c5fc20e
  languageName: node
  linkType: hard

"fs-extra@npm:^8.1.0":
  version: 8.1.0
  resolution: "fs-extra@npm:8.1.0"
  dependencies:
    graceful-fs: "npm:^4.2.0"
    jsonfile: "npm:^4.0.0"
    universalify: "npm:^0.1.0"
  checksum: 259f7b814d9e50d686899550c4f9ded85c46c643f7fe19be69504888e007fcbc08f306fae8ec495b8b998635e997c9e3e175ff2eeed230524ef1c1684cc96423
  languageName: node
  linkType: hard

"get-stream@npm:^4.1.0":
  version: 4.1.0
  resolution: "get-stream@npm:4.1.0"
  dependencies:
    pump: "npm:^3.0.0"
  checksum: 294d876f667694a5ca23f0ca2156de67da950433b6fb53024833733975d32582896dbc7f257842d331809979efccf04d5e0b6b75ad4d45744c45f193fd497539
  languageName: node
  linkType: hard

"get-stream@npm:^5.1.0":
  version: 5.2.0
  resolution: "get-stream@npm:5.2.0"
  dependencies:
    pump: "npm:^3.0.0"
  checksum: 43797ffd815fbb26685bf188c8cfebecb8af87b3925091dd7b9a9c915993293d78e3c9e1bce125928ff92f2d0796f3889b92b5ec6d58d1041b574682132e0a80
  languageName: node
  linkType: hard

"global-agent@npm:^3.0.0":
  version: 3.0.0
  resolution: "global-agent@npm:3.0.0"
  dependencies:
    boolean: "npm:^3.0.1"
    es6-error: "npm:^4.1.1"
    matcher: "npm:^3.0.0"
    roarr: "npm:^2.15.3"
    semver: "npm:^7.3.2"
    serialize-error: "npm:^7.0.1"
  checksum: bb8750d026b25da437072762fd739098bad92ff72f66483c3929db4579e072f5523960f7e7fd70ee0d75db48898067b5dc1c9c1d17888128cff008fcc34d1bd3
  languageName: node
  linkType: hard

"global-tunnel-ng@npm:^2.7.1":
  version: 2.7.1
  resolution: "global-tunnel-ng@npm:2.7.1"
  dependencies:
    encodeurl: "npm:^1.0.2"
    lodash: "npm:^4.17.10"
    npm-conf: "npm:^1.1.3"
    tunnel: "npm:^0.0.6"
  checksum: 273205f6d6204bdb64ff1d7f1574f392feeb62b2f45263c780d0605510e9756bbdbb5063d45e28476d8cd7656ca7846721caa3421503c7c7803e5d0f3729c532
  languageName: node
  linkType: hard

"globalthis@npm:^1.0.1":
  version: 1.0.2
  resolution: "globalthis@npm:1.0.2"
  dependencies:
    define-properties: "npm:^1.1.3"
  checksum: dcb1f502192d1bdcd9bf07911e44567c4d7041d62ed65a31cc1df00e0e8fc1ac9669844c78c763cc89533a34f2e62c008260d3d1dc775954f7ca59027d0694b4
  languageName: node
  linkType: hard

"got@npm:^9.6.0":
  version: 9.6.0
  resolution: "got@npm:9.6.0"
  dependencies:
    "@sindresorhus/is": "npm:^0.14.0"
    "@szmarczak/http-timer": "npm:^1.1.2"
    cacheable-request: "npm:^6.0.0"
    decompress-response: "npm:^3.3.0"
    duplexer3: "npm:^0.1.4"
    get-stream: "npm:^4.1.0"
    lowercase-keys: "npm:^1.0.1"
    mimic-response: "npm:^1.0.1"
    p-cancelable: "npm:^1.0.0"
    to-readable-stream: "npm:^1.0.0"
    url-parse-lax: "npm:^3.0.0"
  checksum: 5cb3111e14b48bf4fb8b414627be481ebfb14151ec867e80a74b6d1472489965b9c4f4ac5cf4f3b1f9b90c60a2ce63584d9072b16efd9a3171553e00afc5abc8
  languageName: node
  linkType: hard

"graceful-fs@npm:^4.1.6, graceful-fs@npm:^4.2.0":
  version: 4.2.6
  resolution: "graceful-fs@npm:4.2.6"
  checksum: f24a75a9ca057c3d482148242878c7fe9e25ce73a46c7480a58b53f1915c93d9ddf27c2d22d8b99182447e8d7f37ae6b29a74b246bbcc8c0d0b36b0d0648cea5
  languageName: node
  linkType: hard

"http-cache-semantics@npm:^4.0.0":
  version: 4.1.0
  resolution: "http-cache-semantics@npm:4.1.0"
  checksum: abe115ddd9f24914a49842f2745ecc8380837bbe30b59b154648c76ebc1bd3d5f8bd05c1789aaa2ae6b79624c591d13c8aa79104ff21078e117140a65ac20654
  languageName: node
  linkType: hard

"inherits@npm:^2.0.3, inherits@npm:~2.0.3":
  version: 2.0.4
  resolution: "inherits@npm:2.0.4"
  checksum: 4e531f648b29039fb7426fb94075e6545faa1eb9fe83c29f0b6d9e7263aceb4289d2d4557db0d428188eeb449cc7c5e77b0a0b2c4e248ff2a65933a0dee49ef2
  languageName: node
  linkType: hard

"ini@npm:^1.3.4":
  version: 1.3.8
  resolution: "ini@npm:1.3.8"
  checksum: ec93838d2328b619532e4f1ff05df7909760b6f66d9c9e2ded11e5c1897d6f2f9980c54dd638f88654b00919ce31e827040631eab0a3969e4d1abefa0719516a
  languageName: node
  linkType: hard

"isarray@npm:~1.0.0":
  version: 1.0.0
  resolution: "isarray@npm:1.0.0"
  checksum: 18b5be6669be53425f0b84098732670ed4e727e3af33bc7f948aac01782110eb9a18b3b329c5323bcdd3acdaae547ee077d3951317e7f133bff7105264b3003d
  languageName: node
  linkType: hard

"json-buffer@npm:3.0.0":
  version: 3.0.0
  resolution: "json-buffer@npm:3.0.0"
  checksum: 118c060d84430a8ad8376d0c60250830f350a6381bd56541a1ef257ce7ba82d109d1f71a4c4e92e0be0e7ab7da568fad8f7bf02905910a76e8e0aa338621b944
  languageName: node
  linkType: hard

"json-stringify-safe@npm:^5.0.1":
  version: 5.0.1
  resolution: "json-stringify-safe@npm:5.0.1"
  checksum: 7dbf35cd0411d1d648dceb6d59ce5857ec939e52e4afc37601aa3da611f0987d5cee5b38d58329ceddf3ed48bd7215229c8d52059ab01f2444a338bf24ed0f37
  languageName: node
  linkType: hard

"jsonfile@npm:^4.0.0":
  version: 4.0.0
  resolution: "jsonfile@npm:4.0.0"
  dependencies:
    graceful-fs: "npm:^4.1.6"
  dependenciesMeta:
    graceful-fs:
      optional: true
  checksum: 7dc94b628d57a66b71fb1b79510d460d662eb975b5f876d723f81549c2e9cd316d58a2ddf742b2b93a4fa6b17b2accaf1a738a0e2ea114bdfb13a32e5377e480
  languageName: node
  linkType: hard

"keyv@npm:^3.0.0":
  version: 3.1.0
  resolution: "keyv@npm:3.1.0"
  dependencies:
    json-buffer: "npm:3.0.0"
  checksum: 6ad784361b4c0213333a8c5bc0bcc59cf46cb7cbbe21fb2f1539ffcc8fe18b8f1562ff913b40552278fdea5f152a15996dfa61ce24ce1a22222560c650be4a1b
  languageName: node
  linkType: hard

"lodash@npm:^4.17.10":
  version: 4.17.21
  resolution: "lodash@npm:4.17.21"
  checksum: d8cbea072bb08655bb4c989da418994b073a608dffa608b09ac04b43a791b12aeae7cd7ad919aa4c925f33b48490b5cfe6c1f71d827956071dae2e7bb3a6b74c
  languageName: node
  linkType: hard

"lowercase-keys@npm:^1.0.0, lowercase-keys@npm:^1.0.1":
  version: 1.0.1
  resolution: "lowercase-keys@npm:1.0.1"
  checksum: 56776a8e1ef1aca98ecf6c19b30352ae1cf257b65b8ac858b7d8a0e8b348774d12a9b41aa7f59bfea51bff44bc7a198ab63ba4406bfba60dba008799618bef66
  languageName: node
  linkType: hard

"lowercase-keys@npm:^2.0.0":
  version: 2.0.0
  resolution: "lowercase-keys@npm:2.0.0"
  checksum: f82a2b3568910509da4b7906362efa40f5b54ea14c2584778ddb313226f9cbf21020a5db35f9b9a0e95847a9b781d548601f31793d736b22a2b8ae8eb9ab1082
  languageName: node
  linkType: hard

"lru-cache@npm:^6.0.0":
  version: 6.0.0
  resolution: "lru-cache@npm:6.0.0"
  dependencies:
    yallist: "npm:^4.0.0"
  checksum: cb53e582785c48187d7a188d3379c181b5ca2a9c78d2bce3e7dee36f32761d1c42983da3fe12b55cb74e1779fa94cdc2e5367c028a9b35317184ede0c07a30a9
  languageName: node
  linkType: hard

"matcher@npm:^3.0.0":
  version: 3.0.0
  resolution: "matcher@npm:3.0.0"
  dependencies:
    escape-string-regexp: "npm:^4.0.0"
  checksum: 2edf24194a2879690bcdb29985fc6bc0d003df44e04df21ebcac721fa6ce2f6201c579866bb92f9380bffe946f11ecd8cd31f34117fb67ebf8aca604918e127e
  languageName: node
  linkType: hard

"mimic-response@npm:^1.0.0, mimic-response@npm:^1.0.1":
  version: 1.0.1
  resolution: "mimic-response@npm:1.0.1"
  checksum: c5381a5eae997f1c3b5e90ca7f209ed58c3615caeee850e85329c598f0c000ae7bec40196580eef1781c60c709f47258131dab237cad8786f8f56750594f27fa
  languageName: node
  linkType: hard

"minimist@npm:^1.2.5":
  version: 1.2.5
  resolution: "minimist@npm:1.2.5"
  checksum: c143b0c199af4df7a55c7a37b6465cdd438acdc6a3a345ba0fe9d94dfcc2042263f650879bc73be607c843deeaeaadf39c864e55bc6d80b36a025eca1a062ee7
  languageName: node
  linkType: hard

"mkdirp@npm:^0.5.1, mkdirp@npm:^0.5.4":
  version: 0.5.5
  resolution: "mkdirp@npm:0.5.5"
  dependencies:
    minimist: "npm:^1.2.5"
  bin:
    mkdirp: bin/cmd.js
  checksum: 4469faeeba703bc46b7cdbe3097d6373747a581eb8b556ce41c8fd25a826eb3254466c6522ba823c2edb0b6f0da7beb91cf71f040bc4e361534a3e67f0994bd0
  languageName: node
  linkType: hard

"ms@npm:2.0.0":
  version: 2.0.0
  resolution: "ms@npm:2.0.0"
  checksum: f8fda810b39fd7255bbdc451c46286e549794fcc700dc9cd1d25658bbc4dc2563a5de6fe7c60f798a16a60c6ceb53f033cb353f493f0cf63e5199b702943159d
  languageName: node
  linkType: hard

"ms@npm:2.1.2":
  version: 2.1.2
  resolution: "ms@npm:2.1.2"
  checksum: a437714e2f90dbf881b5191d35a6db792efbca5badf112f87b9e1c712aace4b4b9b742dd6537f3edf90fd6f684de897cec230abde57e87883766712ddda297cc
  languageName: node
  linkType: hard

"normalize-url@npm:^4.1.0":
  version: 4.5.0
  resolution: "normalize-url@npm:4.5.0"
  checksum: 8d7bf95649c25828e04d504e32a8d89339f6bfd292e6c911f7857a842a601a378aabed0cbc74dc4d1aafa752f060498f865d027918714370eb1ddf86c04a0472
  languageName: node
  linkType: hard

"npm-conf@npm:^1.1.3":
  version: 1.1.3
  resolution: "npm-conf@npm:1.1.3"
  dependencies:
    config-chain: "npm:^1.1.11"
    pify: "npm:^3.0.0"
  checksum: 4a54540e1e5ade9afe4b3be2e651a1198172015f8c51293c7124c4dfae402f2b67549cdf1d0eb918f3ef66016ba63672520b4bb3afaef815f5e98b52a74f5848
  languageName: node
  linkType: hard

"object-keys@npm:^1.0.12":
  version: 1.1.1
  resolution: "object-keys@npm:1.1.1"
  checksum: b11f7ccdbc6d406d1f186cdadb9d54738e347b2692a14439ca5ac70c225fa6db46db809711b78589866d47b25fc3e8dee0b4c722ac751e11180f9380e3d8601d
  languageName: node
  linkType: hard

"once@npm:^1.3.1, once@npm:^1.4.0":
  version: 1.4.0
  resolution: "once@npm:1.4.0"
  dependencies:
    wrappy: "npm:1"
  checksum: 5d48aca287dfefabd756621c5dfce5c91a549a93e9fdb7b8246bc4c4790aa2ec17b34a260530474635147aeb631a2dcc8b32c613df0675f96041cbb8244517d0
  languageName: node
  linkType: hard

"p-cancelable@npm:^1.0.0":
  version: 1.1.0
  resolution: "p-cancelable@npm:1.1.0"
  checksum: 9f16d7d58897edb07b1a9234b2bfce3665c747f0f13886e25e2144ecab4595412017cc8cc3b0042f89864b997d6dba76c130724e1c0923fc41ff3c9399b87449
  languageName: node
  linkType: hard

"pend@npm:~1.2.0":
  version: 1.2.0
  resolution: "pend@npm:1.2.0"
  checksum: 8a87e63f7a4afcfb0f9f77b39bb92374afc723418b9cb716ee4257689224171002e07768eeade4ecd0e86f1fa3d8f022994219fb45634f2dbd78c6803e452458
  languageName: node
  linkType: hard

"pify@npm:^3.0.0":
  version: 3.0.0
  resolution: "pify@npm:3.0.0"
  checksum: fead19ed9d801f1b1fcd0638a1ac53eabbb0945bf615f2f8806a8b646565a04a1b0e7ef115c951d225f042cca388fdc1cd3add46d10d1ed6951c20bd2998af10
  languageName: node
  linkType: hard

"prepend-http@npm:^2.0.0":
  version: 2.0.0
  resolution: "prepend-http@npm:2.0.0"
  checksum: b023721ffd967728e3a25e3a80dd73827e9444e586800ab90a21b3a8e67f362d28023085406ad53a36db1e4d98cb10e43eb37d45c6b733140a9165ead18a0987
  languageName: node
  linkType: hard

"process-nextick-args@npm:~2.0.0":
  version: 2.0.1
  resolution: "process-nextick-args@npm:2.0.1"
  checksum: bec089239487833d46b59d80327a1605e1c5287eaad770a291add7f45fda1bb5e28b38e0e061add0a1d0ee0984788ce74fa394d345eed1c420cacf392c554367
  languageName: node
  linkType: hard

"progress@npm:^2.0.3":
  version: 2.0.3
  resolution: "progress@npm:2.0.3"
  checksum: 1697e07cb1068055dbe9fe858d242368ff5d2073639e652b75a7eb1f2a1a8d4afd404d719de23c7b48481a6aa0040686310e2dac2f53d776daa2176d3f96369c
  languageName: node
  linkType: hard

"proto-list@npm:~1.2.1":
  version: 1.2.4
  resolution: "proto-list@npm:1.2.4"
  checksum: b9179f99394ec8a68b8afc817690185f3b03933f7b46ce2e22c1930dc84b60d09f5ad222beab4e59e58c6c039c7f7fcf620397235ef441a356f31f9744010e12
  languageName: node
  linkType: hard

"pump@npm:^3.0.0":
  version: 3.0.0
  resolution: "pump@npm:3.0.0"
  dependencies:
    end-of-stream: "npm:^1.1.0"
    once: "npm:^1.3.1"
  checksum: bbdeda4f747cdf47db97428f3a135728669e56a0ae5f354a9ac5b74556556f5446a46f720a8f14ca2ece5be9b4d5d23c346db02b555f46739934cc6c093a5478
  languageName: node
  linkType: hard

"readable-stream@npm:^2.2.2":
  version: 2.3.7
  resolution: "readable-stream@npm:2.3.7"
  dependencies:
    core-util-is: "npm:~1.0.0"
    inherits: "npm:~2.0.3"
    isarray: "npm:~1.0.0"
    process-nextick-args: "npm:~2.0.0"
    safe-buffer: "npm:~5.1.1"
    string_decoder: "npm:~1.1.1"
    util-deprecate: "npm:~1.0.1"
  checksum: 1708755e6cf9daff6ff60fa5b4575636472289c5b95d38058a91f94732b8d024a940a0d4d955639195ce42c22cab16973ee8fea8deedd24b5fec3dd596465f86
  languageName: node
  linkType: hard

"responselike@npm:^1.0.2":
  version: 1.0.2
  resolution: "responselike@npm:1.0.2"
  dependencies:
    lowercase-keys: "npm:^1.0.0"
  checksum: 1c2861d1950790da96159ca490eda645130eaf9ccc4d76db20f685ba944feaf30f45714b4318f550b8cd72990710ad68355ff15c41da43ed9a93c102c0ffa403
  languageName: node
  linkType: hard

"roarr@npm:^2.15.3":
  version: 2.15.4
  resolution: "roarr@npm:2.15.4"
  dependencies:
    boolean: "npm:^3.0.1"
    detect-node: "npm:^2.0.4"
    globalthis: "npm:^1.0.1"
    json-stringify-safe: "npm:^5.0.1"
    semver-compare: "npm:^1.0.0"
    sprintf-js: "npm:^1.1.2"
  checksum: 7d01d4c14513c461778dd673a8f9e53255221f8d04173aafeb8e11b23d8b659bb83f1c90cfe81af7f9c213b8084b404b918108fd792bda76678f555340cc64ec
  languageName: node
  linkType: hard

"safe-buffer@npm:~5.1.0, safe-buffer@npm:~5.1.1":
  version: 5.1.2
  resolution: "safe-buffer@npm:5.1.2"
  checksum: 780ba6b5d99cc9a40f7b951d47152297d0e260f0df01472a1b99d4889679a4b94a13d644f7dbc4f022572f09ae9005fa2fbb93bbbd83643316f365a3e9a45b21
  languageName: node
  linkType: hard

"semver-compare@npm:^1.0.0":
  version: 1.0.0
  resolution: "semver-compare@npm:1.0.0"
  checksum: 9ef4d8b81847556f0865f46ddc4d276bace118c7cb46811867af82e837b7fc473911981d5a0abc561fa2db487065572217e5b06e18701c4281bcdd2a1affaff1
  languageName: node
  linkType: hard

"semver@npm:^6.2.0":
  version: 6.3.0
  resolution: "semver@npm:6.3.0"
  bin:
    semver: ./bin/semver.js
  checksum: 1f4959e15bcfbaf727e964a4920f9260141bb8805b399793160da4e7de128e42a7d1f79c1b7d5cd21a6073fba0d55feb9966f5fef3e5ccb8e1d7ead3d7527458
  languageName: node
  linkType: hard

"semver@npm:^7.3.2":
  version: 7.3.4
  resolution: "semver@npm:7.3.4"
  dependencies:
    lru-cache: "npm:^6.0.0"
  bin:
    semver: bin/semver.js
  checksum: 16b77752071597135b934bb33258badbac6c1cebbabe507ce31f68db3229acae7afa9602265c375c34df092339caa738b105e0c62240536ea1efd4767c36e674
  languageName: node
  linkType: hard

"serialize-error@npm:^7.0.1":
  version: 7.0.1
  resolution: "serialize-error@npm:7.0.1"
  dependencies:
    type-fest: "npm:^0.13.1"
  checksum: 7982937d578cd901276c8ab3e2c6ed8a4c174137730f1fb0402d005af209a0e84d04acc874e317c936724c7b5b26c7a96ff7e4b8d11a469f4924a4b0ea814c05
  languageName: node
  linkType: hard

"sprintf-js@npm:^1.1.2":
  version: 1.1.2
  resolution: "sprintf-js@npm:1.1.2"
  checksum: 6cc8382f746348bd64b31bc5c99d8ebda7efff716025c41bf501e0e8be4f6744a9fa507e18513554753553d0bcb57fd5fc8dc8c42f94f8008127a52a2c544d21
  languageName: node
  linkType: hard

"string_decoder@npm:~1.1.1":
  version: 1.1.1
  resolution: "string_decoder@npm:1.1.1"
  dependencies:
    safe-buffer: "npm:~5.1.0"
  checksum: b4f89f3a92fd101b5653ca3c99550e07bdf9e13b35037e9e2a1c7b47cec4e55e06ff3fc468e314a0b5e80bfbaf65c1ca5a84978764884ae9413bec1fc6ca924e
  languageName: node
  linkType: hard

"sumchecker@npm:^3.0.1":
  version: 3.0.1
  resolution: "sumchecker@npm:3.0.1"
  dependencies:
    debug: "npm:^4.1.0"
  checksum: 43c387be9dfe22dbeaf39dfa4ffb279847aeb37a42a8988c0b066f548bbd209aa8c65e03da29f2b29be1a66b577801bf89fff0007df4183db2f286263a9569e5
  languageName: node
  linkType: hard

"to-readable-stream@npm:^1.0.0":
  version: 1.0.0
  resolution: "to-readable-stream@npm:1.0.0"
  checksum: 79cb836e2fb4f2885745a8c212eab7ebc52e93758ff0737feceaed96df98e4d04b8903fe8c27f2e9f3f856a5068ac332918b235c5d801b3efe02a51a3fa0eb36
  languageName: node
  linkType: hard

"tunnel@npm:^0.0.6":
  version: 0.0.6
  resolution: "tunnel@npm:0.0.6"
  checksum: e27e7e896f2426c1c747325b5f54efebc1a004647d853fad892b46d64e37591ccd0b97439470795e5262b5c0748d22beb4489a04a0a448029636670bfd801b75
  languageName: node
  linkType: hard

"type-fest@npm:^0.13.1":
  version: 0.13.1
  resolution: "type-fest@npm:0.13.1"
  checksum: 0c0fa07ae53d4e776cf4dac30d25ad799443e9eef9226f9fddbb69242db86b08584084a99885cfa5a9dfe4c063ebdc9aa7b69da348e735baede8d43f1aeae93b
  languageName: node
  linkType: hard

"typedarray@npm:^0.0.6":
  version: 0.0.6
  resolution: "typedarray@npm:0.0.6"
  checksum: 6005cb31df50eef8b1f3c780eb71a17925f3038a100d82f9406ac2ad1de5eb59f8e6decbdc145b3a1f8e5836e17b0c0002fb698b9fe2516b8f9f9ff602d36412
  languageName: node
  linkType: hard

"undici-types@npm:~5.26.4":
  version: 5.26.5
  resolution: "undici-types@npm:5.26.5"
  checksum: bb673d7876c2d411b6eb6c560e0c571eef4a01c1c19925175d16e3a30c4c428181fb8d7ae802a261f283e4166a0ac435e2f505743aa9e45d893f9a3df017b501
  languageName: node
  linkType: hard

"universalify@npm:^0.1.0":
  version: 0.1.2
  resolution: "universalify@npm:0.1.2"
  checksum: e70e0339f6b36f34c9816f6bf9662372bd241714dc77508d231d08386d94f2c4aa1ba1318614f92015f40d45aae1b9075cd30bd490efbe39387b60a76ca3f045
  languageName: node
  linkType: hard

"url-parse-lax@npm:^3.0.0":
  version: 3.0.0
  resolution: "url-parse-lax@npm:3.0.0"
  dependencies:
    prepend-http: "npm:^2.0.0"
  checksum: 16f918634d41a4fab9e03c5f9702968c9930f7c29aa1a8c19a6dc01f97d02d9b700ab9f47f8da0b9ace6e0c0e99c27848994de1465b494bced6940c653481e55
  languageName: node
  linkType: hard

"util-deprecate@npm:~1.0.1":
  version: 1.0.2
  resolution: "util-deprecate@npm:1.0.2"
  checksum: 41a5bdd214df2f6c3ecf8622745e4a366c4adced864bc3c833739791aeeeb1838119af7daed4ba36428114b5c67dcda034a79c882e97e43c03e66a4dd7389942
  languageName: node
  linkType: hard

"wrappy@npm:1":
  version: 1.0.2
  resolution: "wrappy@npm:1.0.2"
  checksum: 56fece1a4018c6a6c8e28fbc88c87e0fbf4ea8fd64fc6c63b18f4acc4bd13e0ad2515189786dd2c30d3eec9663d70f4ecf699330002f8ccb547e4a18231fc9f0
  languageName: node
  linkType: hard

"yallist@npm:^4.0.0":
  version: 4.0.0
  resolution: "yallist@npm:4.0.0"
  checksum: 2286b5e8dbfe22204ab66e2ef5cc9bbb1e55dfc873bbe0d568aa943eb255d131890dfd5bf243637273d31119b870f49c18fcde2c6ffbb7a7a092b870dc90625a
  languageName: node
  linkType: hard

"yauzl@npm:^2.10.0":
  version: 2.10.0
  resolution: "yauzl@npm:2.10.0"
  dependencies:
    buffer-crc32: "npm:~0.2.3"
    fd-slicer: "npm:~1.1.0"
  checksum: f265002af7541b9ec3589a27f5fb8f11cf348b53cc15e2751272e3c062cd73f3e715bc72d43257de71bbaecae446c3f1b14af7559e8ab0261625375541816422
  languageName: node
  linkType: hard
